
Microsoft Visual Studio Solution File, Format Version 12.00
# Visual Studio Version 17
VisualStudioVersion = 17.14.36109.1 d17.14
MinimumVisualStudioVersion = 10.0.40219.1
Project("{FAE04EC0-301F-11D3-BF4B-00C04F79EFBC}") = "MyFirstConsoleApp", "MyFirstConsoleApp.\MyFirstConsoleApp.csproj", "{28775720-48BC-4933-8041-140128983F29}"
EndProject
Project("{FAE04EC0-301F-11D3-BF4B-00C04F79EFBC}") = "VariableActivities", "VariableActivities\VariableActivities.csproj", "{171078EF-807E-4E98-BE0B-CE9EF52A34B3}"
EndProject
Global
	GlobalSection(SolutionConfigurationPlatforms) = preSolution
		Debug|Any CPU = Debug|Any CPU
		Release|Any CPU = Release|Any CPU
	EndGlobalSection
	GlobalSection(ProjectConfigurationPlatforms) = postSolution
		{28775720-48BC-4933-8041-140128983F29}.Debug|Any CPU.ActiveCfg = Debug|Any CPU
		{28775720-48BC-4933-8041-140128983F29}.Debug|Any CPU.Build.0 = Debug|Any CPU
		{28775720-48BC-4933-8041-140128983F29}.Release|Any CPU.ActiveCfg = Release|Any CPU
		{28775720-48BC-4933-8041-140128983F29}.Release|Any CPU.Build.0 = Release|Any CPU
		{171078EF-807E-4E98-BE0B-CE9EF52A34B3}.Debug|Any CPU.ActiveCfg = Debug|Any CPU
		{171078EF-807E-4E98-BE0B-CE9EF52A34B3}.Debug|Any CPU.Build.0 = Debug|Any CPU
		{171078EF-807E-4E98-BE0B-CE9EF52A34B3}.Release|Any CPU.ActiveCfg = Release|Any CPU
		{171078EF-807E-4E98-BE0B-CE9EF52A34B3}.Release|Any CPU.Build.0 = Release|Any CPU
	EndGlobalSection
	GlobalSection(SolutionProperties) = preSolution
		HideSolutionNode = FALSE
	EndGlobalSection
	GlobalSection(ExtensibilityGlobals) = postSolution
		SolutionGuid = {C77BB8E1-9910-43B7-9264-7D278FE0D15D}
	EndGlobalSection
EndGlobal
