
Microsoft Visual Studio Solution File, Format Version 12.00
# Visual Studio Version 17
VisualStudioVersion = 17.14.36109.1
MinimumVisualStudioVersion = 10.0.40219.1
Project("{FAE04EC0-301F-11D3-BF4B-00C04F79EFBC}") = "WindowsFormsApp_TIC", "WindowsFormsApp_TIC\WindowsFormsApp_TIC.csproj", "{7A32FCEE-5565-47EC-8807-1132FB5E1BA2}"
EndProject
Project("{FAE04EC0-301F-11D3-BF4B-00C04F79EFBC}") = "VariableActivities", "VariableActivities\VariableActivities.csproj", "{9C345638-5EA5-4B27-BBA9-52AB887C95B7}"
EndProject
Global
	GlobalSection(SolutionConfigurationPlatforms) = preSolution
		Debug|Any CPU = Debug|Any CPU
		Release|Any CPU = Release|Any CPU
	EndGlobalSection
	GlobalSection(ProjectConfigurationPlatforms) = postSolution
		{7A32FCEE-5565-47EC-8807-1132FB5E1BA2}.Debug|Any CPU.ActiveCfg = Debug|Any CPU
		{7A32FCEE-5565-47EC-8807-1132FB5E1BA2}.Debug|Any CPU.Build.0 = Debug|Any CPU
		{7A32FCEE-5565-47EC-8807-1132FB5E1BA2}.Release|Any CPU.ActiveCfg = Release|Any CPU
		{7A32FCEE-5565-47EC-8807-1132FB5E1BA2}.Release|Any CPU.Build.0 = Release|Any CPU
		{9C345638-5EA5-4B27-BBA9-52AB887C95B7}.Debug|Any CPU.ActiveCfg = Debug|Any CPU
		{9C345638-5EA5-4B27-BBA9-52AB887C95B7}.Debug|Any CPU.Build.0 = Debug|Any CPU
		{9C345638-5EA5-4B27-BBA9-52AB887C95B7}.Release|Any CPU.ActiveCfg = Release|Any CPU
		{9C345638-5EA5-4B27-BBA9-52AB887C95B7}.Release|Any CPU.Build.0 = Release|Any CPU
	EndGlobalSection
	GlobalSection(SolutionProperties) = preSolution
		HideSolutionNode = FALSE
	EndGlobalSection
	GlobalSection(ExtensibilityGlobals) = postSolution
		SolutionGuid = {9C7848DE-2668-4327-B126-82C93E074FCA}
	EndGlobalSection
EndGlobal
